
Microsoft Visual Studio Solution File, Format Version 12.00
# Visual Studio Version 18
VisualStudioVersion = 18.0.11222.15 d18.0
MinimumVisualStudioVersion = 10.0.40219.1
Project("{2150E333-8FDC-42A3-9474-1A3956D46DE8}") = "2025", "2025", "{C6DF1451-56B5-EAD0-27C3-671E9BD5E906}"
EndProject
Project("{FAE04EC0-301F-11D3-BF4B-00C04F79EFBC}") = "Day01", "2025\Day01\Day01.csproj", "{FDDCE9E8-F837-46D0-8D61-54D447251EA5}"
EndProject
Project("{FAE04EC0-301F-11D3-BF4B-00C04F79EFBC}") = "Day02", "Day02\Day02.csproj", "{04B882C2-615F-4BE9-9EA3-40587459666C}"
EndProject
Global
	GlobalSection(SolutionConfigurationPlatforms) = preSolution
		Debug|Any CPU = Debug|Any CPU
		Debug|x64 = Debug|x64
		Debug|x86 = Debug|x86
		Release|Any CPU = Release|Any CPU
		Release|x64 = Release|x64
		Release|x86 = Release|x86
	EndGlobalSection
	GlobalSection(ProjectConfigurationPlatforms) = postSolution
		{FDDCE9E8-F837-46D0-8D61-54D447251EA5}.Debug|Any CPU.ActiveCfg = Debug|Any CPU
		{FDDCE9E8-F837-46D0-8D61-54D447251EA5}.Debug|Any CPU.Build.0 = Debug|Any CPU
		{FDDCE9E8-F837-46D0-8D61-54D447251EA5}.Debug|x64.ActiveCfg = Debug|Any CPU
		{FDDCE9E8-F837-46D0-8D61-54D447251EA5}.Debug|x64.Build.0 = Debug|Any CPU
		{FDDCE9E8-F837-46D0-8D61-54D447251EA5}.Debug|x86.ActiveCfg = Debug|Any CPU
		{FDDCE9E8-F837-46D0-8D61-54D447251EA5}.Debug|x86.Build.0 = Debug|Any CPU
		{FDDCE9E8-F837-46D0-8D61-54D447251EA5}.Release|Any CPU.ActiveCfg = Release|Any CPU
		{FDDCE9E8-F837-46D0-8D61-54D447251EA5}.Release|Any CPU.Build.0 = Release|Any CPU
		{FDDCE9E8-F837-46D0-8D61-54D447251EA5}.Release|x64.ActiveCfg = Release|Any CPU
		{FDDCE9E8-F837-46D0-8D61-54D447251EA5}.Release|x64.Build.0 = Release|Any CPU
		{FDDCE9E8-F837-46D0-8D61-54D447251EA5}.Release|x86.ActiveCfg = Release|Any CPU
		{FDDCE9E8-F837-46D0-8D61-54D447251EA5}.Release|x86.Build.0 = Release|Any CPU
		{04B882C2-615F-4BE9-9EA3-40587459666C}.Debug|Any CPU.ActiveCfg = Debug|Any CPU
		{04B882C2-615F-4BE9-9EA3-40587459666C}.Debug|Any CPU.Build.0 = Debug|Any CPU
		{04B882C2-615F-4BE9-9EA3-40587459666C}.Debug|x64.ActiveCfg = Debug|Any CPU
		{04B882C2-615F-4BE9-9EA3-40587459666C}.Debug|x64.Build.0 = Debug|Any CPU
		{04B882C2-615F-4BE9-9EA3-40587459666C}.Debug|x86.ActiveCfg = Debug|Any CPU
		{04B882C2-615F-4BE9-9EA3-40587459666C}.Debug|x86.Build.0 = Debug|Any CPU
		{04B882C2-615F-4BE9-9EA3-40587459666C}.Release|Any CPU.ActiveCfg = Release|Any CPU
		{04B882C2-615F-4BE9-9EA3-40587459666C}.Release|Any CPU.Build.0 = Release|Any CPU
		{04B882C2-615F-4BE9-9EA3-40587459666C}.Release|x64.ActiveCfg = Release|Any CPU
		{04B882C2-615F-4BE9-9EA3-40587459666C}.Release|x64.Build.0 = Release|Any CPU
		{04B882C2-615F-4BE9-9EA3-40587459666C}.Release|x86.ActiveCfg = Release|Any CPU
		{04B882C2-615F-4BE9-9EA3-40587459666C}.Release|x86.Build.0 = Release|Any CPU
	EndGlobalSection
	GlobalSection(SolutionProperties) = preSolution
		HideSolutionNode = FALSE
	EndGlobalSection
	GlobalSection(NestedProjects) = preSolution
		{FDDCE9E8-F837-46D0-8D61-54D447251EA5} = {C6DF1451-56B5-EAD0-27C3-671E9BD5E906}
		{04B882C2-615F-4BE9-9EA3-40587459666C} = {C6DF1451-56B5-EAD0-27C3-671E9BD5E906}
	EndGlobalSection
	GlobalSection(ExtensibilityGlobals) = postSolution
		SolutionGuid = {6827C402-406C-4566-BF92-7C99068BB4E4}
	EndGlobalSection
EndGlobal
